
Microsoft Visual Studio Solution File, Format Version 12.00
# Visual Studio Version 17
VisualStudioVersion = 17.4.33103.184
MinimumVisualStudioVersion = 10.0.40219.1
Project("{FAE04EC0-301F-11D3-BF4B-00C04F79EFBC}") = "Translite", "Translite.csproj", "{2762A7B0-0DC5-4BD5-8A0A-3BDF913CF8F8}"
EndProject
Global
	GlobalSection(SolutionConfigurationPlatforms) = preSolution
		Debug|Any CPU = Debug|Any CPU
		Release|Any CPU = Release|Any CPU
	EndGlobalSection
	GlobalSection(ProjectConfigurationPlatforms) = postSolution
		{2762A7B0-0DC5-4BD5-8A0A-3BDF913CF8F8}.Debug|Any CPU.ActiveCfg = Debug|Any CPU
		{2762A7B0-0DC5-4BD5-8A0A-3BDF913CF8F8}.Debug|Any CPU.Build.0 = Debug|Any CPU
		{2762A7B0-0DC5-4BD5-8A0A-3BDF913CF8F8}.Release|Any CPU.ActiveCfg = Release|Any CPU
		{2762A7B0-0DC5-4BD5-8A0A-3BDF913CF8F8}.Release|Any CPU.Build.0 = Release|Any CPU
	EndGlobalSection
	GlobalSection(SolutionProperties) = preSolution
		HideSolutionNode = FALSE
	EndGlobalSection
	GlobalSection(ExtensibilityGlobals) = postSolution
		SolutionGuid = {27CD0D07-A742-45AE-BCC2-5A89B48A2A46}
	EndGlobalSection
EndGlobal
